
Microsoft Visual Studio Solution File, Format Version 12.00
# Visual Studio Version 17
VisualStudioVersion = 17.8.34316.72
MinimumVisualStudioVersion = 10.0.40219.1
Project("{FAE04EC0-301F-11D3-BF4B-00C04F79EFBC}") = "SkiServiceApp", "SkiServiceApp.csproj", "{08236415-3C53-47CE-B0E6-1F7F8C252ABA}"
EndProject
Global
	GlobalSection(SolutionConfigurationPlatforms) = preSolution
		Debug|Any CPU = Debug|Any CPU
		Release|Any CPU = Release|Any CPU
	EndGlobalSection
	GlobalSection(ProjectConfigurationPlatforms) = postSolution
		{08236415-3C53-47CE-B0E6-1F7F8C252ABA}.Debug|Any CPU.ActiveCfg = Debug|Any CPU
		{08236415-3C53-47CE-B0E6-1F7F8C252ABA}.Debug|Any CPU.Build.0 = Debug|Any CPU
		{08236415-3C53-47CE-B0E6-1F7F8C252ABA}.Release|Any CPU.ActiveCfg = Release|Any CPU
		{08236415-3C53-47CE-B0E6-1F7F8C252ABA}.Release|Any CPU.Build.0 = Release|Any CPU
	EndGlobalSection
	GlobalSection(SolutionProperties) = preSolution
		HideSolutionNode = FALSE
	EndGlobalSection
	GlobalSection(ExtensibilityGlobals) = postSolution
		SolutionGuid = {99DD52AE-3A30-46F2-A234-2CBEB29412A6}
	EndGlobalSection
EndGlobal
